{
  "name": "animation",
  "version": "1.0.0",
  "lockfileVersion": 2,
  "requires": true,
  "packages": {
    "": {
      "name": "animation",
      "version": "1.0.0",
      "license": "ISC",
      "dependencies": {
        "@chriscourses/perlin-noise": "^1.0.6",
        "dat.gui": "^0.7.9",
        "gsap": "^3.12.5"
      }
    },
    "node_modules/@chriscourses/perlin-noise": {
      "version": "1.0.6",
      "resolved": "https://registry.npmjs.org/@chriscourses/perlin-noise/-/perlin-noise-1.0.6.tgz",
      "integrity": "sha512-q9CgS+02HU8x7PZmKLvB/m3OfcgA5Z93NSKuH1bcWL44u883u5qmMpVVG47GfF667mAhejHVT2jzMleeAUMMPw=="
    },
    "node_modules/dat.gui": {
      "version": "0.7.9",
      "resolved": "https://registry.npmjs.org/dat.gui/-/dat.gui-0.7.9.tgz",
      "integrity": "sha512-sCNc1OHobc+Erc1HqiswYgHdVNpSJUlk/Hz8vzOCsER7rl+oF/4+v8GXFUyCgtXpoCX6+bnmg07DedLvBLwYKQ=="
    },
    "node_modules/gsap": {
      "version": "3.12.5",
      "resolved": "https://registry.npmjs.org/gsap/-/gsap-3.12.5.tgz",
      "integrity": "sha512-srBfnk4n+Oe/ZnMIOXt3gT605BX9x5+rh/prT2F1SsNJsU1XuMiP0E2aptW481OnonOGACZWBqseH5Z7csHxhQ=="
    }
  },
  "dependencies": {
    "@chriscourses/perlin-noise": {
      "version": "1.0.6",
      "resolved": "https://registry.npmjs.org/@chriscourses/perlin-noise/-/perlin-noise-1.0.6.tgz",
      "integrity": "sha512-q9CgS+02HU8x7PZmKLvB/m3OfcgA5Z93NSKuH1bcWL44u883u5qmMpVVG47GfF667mAhejHVT2jzMleeAUMMPw=="
    },
    "dat.gui": {
      "version": "0.7.9",
      "resolved": "https://registry.npmjs.org/dat.gui/-/dat.gui-0.7.9.tgz",
      "integrity": "sha512-sCNc1OHobc+Erc1HqiswYgHdVNpSJUlk/Hz8vzOCsER7rl+oF/4+v8GXFUyCgtXpoCX6+bnmg07DedLvBLwYKQ=="
    },
    "gsap": {
      "version": "3.12.5",
      "resolved": "https://registry.npmjs.org/gsap/-/gsap-3.12.5.tgz",
      "integrity": "sha512-srBfnk4n+Oe/ZnMIOXt3gT605BX9x5+rh/prT2F1SsNJsU1XuMiP0E2aptW481OnonOGACZWBqseH5Z7csHxhQ=="
    }
  }
}
